
Microsoft Visual Studio Solution File, Format Version 12.00
# Visual Studio Version 17
VisualStudioVersion = 17.14.36310.24
MinimumVisualStudioVersion = 10.0.40219.1
Project("{FAE04EC0-301F-11D3-BF4B-00C04F79EFBC}") = "WeatherMonitor.Domain", "WeatherMonitor.Domain\WeatherMonitor.Domain.csproj", "{1BA76592-1DBC-4DE0-9F38-8A3876731028}"
EndProject
Project("{FAE04EC0-301F-11D3-BF4B-00C04F79EFBC}") = "WeatherMonitor.Application", "WeatherMonitor.Application\WeatherMonitor.Application.csproj", "{F5DBEE6B-5D56-4BDA-A365-AF110A618012}"
EndProject
Project("{FAE04EC0-301F-11D3-BF4B-00C04F79EFBC}") = "WeatherMonitor.Infrastructure", "WeatherMonitor.Infrastructure\WeatherMonitor.Infrastructure.csproj", "{BF0EBD06-4B5C-455C-B5F5-A1F54EE4F6F5}"
EndProject
Project("{FAE04EC0-301F-11D3-BF4B-00C04F79EFBC}") = "WeatherMonitorWebAPI", "WeatherMonitorWebAPI\WeatherMonitorWebAPI.csproj", "{0D9883F8-BC54-4879-956A-6F92FB8018E6}"
EndProject
Project("{FAE04EC0-301F-11D3-BF4B-00C04F79EFBC}") = "WeatherMonitor", "WeatherMonitor\WeatherMonitor.csproj", "{205CE46B-49C0-47D8-80CD-207E47FCC3D2}"
EndProject
Global
	GlobalSection(SolutionConfigurationPlatforms) = preSolution
		Debug|Any CPU = Debug|Any CPU
		Release|Any CPU = Release|Any CPU
	EndGlobalSection
	GlobalSection(ProjectConfigurationPlatforms) = postSolution
		{1BA76592-1DBC-4DE0-9F38-8A3876731028}.Debug|Any CPU.ActiveCfg = Debug|Any CPU
		{1BA76592-1DBC-4DE0-9F38-8A3876731028}.Debug|Any CPU.Build.0 = Debug|Any CPU
		{1BA76592-1DBC-4DE0-9F38-8A3876731028}.Release|Any CPU.ActiveCfg = Release|Any CPU
		{1BA76592-1DBC-4DE0-9F38-8A3876731028}.Release|Any CPU.Build.0 = Release|Any CPU
		{F5DBEE6B-5D56-4BDA-A365-AF110A618012}.Debug|Any CPU.ActiveCfg = Debug|Any CPU
		{F5DBEE6B-5D56-4BDA-A365-AF110A618012}.Debug|Any CPU.Build.0 = Debug|Any CPU
		{F5DBEE6B-5D56-4BDA-A365-AF110A618012}.Release|Any CPU.ActiveCfg = Release|Any CPU
		{F5DBEE6B-5D56-4BDA-A365-AF110A618012}.Release|Any CPU.Build.0 = Release|Any CPU
		{BF0EBD06-4B5C-455C-B5F5-A1F54EE4F6F5}.Debug|Any CPU.ActiveCfg = Debug|Any CPU
		{BF0EBD06-4B5C-455C-B5F5-A1F54EE4F6F5}.Debug|Any CPU.Build.0 = Debug|Any CPU
		{BF0EBD06-4B5C-455C-B5F5-A1F54EE4F6F5}.Release|Any CPU.ActiveCfg = Release|Any CPU
		{BF0EBD06-4B5C-455C-B5F5-A1F54EE4F6F5}.Release|Any CPU.Build.0 = Release|Any CPU
		{0D9883F8-BC54-4879-956A-6F92FB8018E6}.Debug|Any CPU.ActiveCfg = Debug|Any CPU
		{0D9883F8-BC54-4879-956A-6F92FB8018E6}.Debug|Any CPU.Build.0 = Debug|Any CPU
		{0D9883F8-BC54-4879-956A-6F92FB8018E6}.Release|Any CPU.ActiveCfg = Release|Any CPU
		{0D9883F8-BC54-4879-956A-6F92FB8018E6}.Release|Any CPU.Build.0 = Release|Any CPU
		{205CE46B-49C0-47D8-80CD-207E47FCC3D2}.Debug|Any CPU.ActiveCfg = Debug|Any CPU
		{205CE46B-49C0-47D8-80CD-207E47FCC3D2}.Debug|Any CPU.Build.0 = Debug|Any CPU
		{205CE46B-49C0-47D8-80CD-207E47FCC3D2}.Release|Any CPU.ActiveCfg = Release|Any CPU
		{205CE46B-49C0-47D8-80CD-207E47FCC3D2}.Release|Any CPU.Build.0 = Release|Any CPU
	EndGlobalSection
	GlobalSection(SolutionProperties) = preSolution
		HideSolutionNode = FALSE
	EndGlobalSection
	GlobalSection(ExtensibilityGlobals) = postSolution
		SolutionGuid = {DFF4223E-4713-41B0-89A5-5C51A42CCBAC}
	EndGlobalSection
EndGlobal
